
Microsoft Visual Studio Solution File, Format Version 12.00
# Visual Studio Express 2012 for Windows Desktop
Project("{FAE04EC0-301F-11D3-BF4B-00C04F79EFBC}") = "MoonGate", "MoonGate\MoonGate.csproj", "{7AE91BD3-22D5-4124-9300-ED13D6BA4DD3}"
EndProject
Project("{FAE04EC0-301F-11D3-BF4B-00C04F79EFBC}") = "mgcloud", "mgcloud\mgcloud.csproj", "{121BF3EB-1502-4345-B32D-14A61EDC4D88}"
EndProject
Project("{FAE04EC0-301F-11D3-BF4B-00C04F79EFBC}") = "mgcrypt", "mgcrypt\mgcrypt.csproj", "{FDABB69C-B05D-4196-9841-546A159EEA4D}"
EndProject
Project("{FAE04EC0-301F-11D3-BF4B-00C04F79EFBC}") = "ConsumerSignup", "ConsumerSignup\ConsumerSignup.csproj", "{E95B2F5B-DFCA-40FB-8521-79284313F47D}"
EndProject
Global
	GlobalSection(SolutionConfigurationPlatforms) = preSolution
		Debug|Any CPU = Debug|Any CPU
		Debug|x64 = Debug|x64
		Debug|x86 = Debug|x86
		Release|Any CPU = Release|Any CPU
		Release|x64 = Release|x64
		Release|x86 = Release|x86
	EndGlobalSection
	GlobalSection(ProjectConfigurationPlatforms) = postSolution
		{7AE91BD3-22D5-4124-9300-ED13D6BA4DD3}.Debug|Any CPU.ActiveCfg = Debug|Any CPU
		{7AE91BD3-22D5-4124-9300-ED13D6BA4DD3}.Debug|Any CPU.Build.0 = Debug|Any CPU
		{7AE91BD3-22D5-4124-9300-ED13D6BA4DD3}.Debug|x64.ActiveCfg = Debug|x64
		{7AE91BD3-22D5-4124-9300-ED13D6BA4DD3}.Debug|x64.Build.0 = Debug|x64
		{7AE91BD3-22D5-4124-9300-ED13D6BA4DD3}.Debug|x86.ActiveCfg = Debug|x86
		{7AE91BD3-22D5-4124-9300-ED13D6BA4DD3}.Debug|x86.Build.0 = Debug|x86
		{7AE91BD3-22D5-4124-9300-ED13D6BA4DD3}.Release|Any CPU.ActiveCfg = Release|Any CPU
		{7AE91BD3-22D5-4124-9300-ED13D6BA4DD3}.Release|Any CPU.Build.0 = Release|Any CPU
		{7AE91BD3-22D5-4124-9300-ED13D6BA4DD3}.Release|x64.ActiveCfg = Release|x64
		{7AE91BD3-22D5-4124-9300-ED13D6BA4DD3}.Release|x64.Build.0 = Release|x64
		{7AE91BD3-22D5-4124-9300-ED13D6BA4DD3}.Release|x86.ActiveCfg = Release|x86
		{7AE91BD3-22D5-4124-9300-ED13D6BA4DD3}.Release|x86.Build.0 = Release|x86
		{121BF3EB-1502-4345-B32D-14A61EDC4D88}.Debug|Any CPU.ActiveCfg = Debug|Any CPU
		{121BF3EB-1502-4345-B32D-14A61EDC4D88}.Debug|Any CPU.Build.0 = Debug|Any CPU
		{121BF3EB-1502-4345-B32D-14A61EDC4D88}.Debug|x64.ActiveCfg = Debug|x64
		{121BF3EB-1502-4345-B32D-14A61EDC4D88}.Debug|x64.Build.0 = Debug|x64
		{121BF3EB-1502-4345-B32D-14A61EDC4D88}.Debug|x86.ActiveCfg = Debug|x86
		{121BF3EB-1502-4345-B32D-14A61EDC4D88}.Debug|x86.Build.0 = Debug|x86
		{121BF3EB-1502-4345-B32D-14A61EDC4D88}.Release|Any CPU.ActiveCfg = Release|Any CPU
		{121BF3EB-1502-4345-B32D-14A61EDC4D88}.Release|Any CPU.Build.0 = Release|Any CPU
		{121BF3EB-1502-4345-B32D-14A61EDC4D88}.Release|x64.ActiveCfg = Release|x64
		{121BF3EB-1502-4345-B32D-14A61EDC4D88}.Release|x64.Build.0 = Release|x64
		{121BF3EB-1502-4345-B32D-14A61EDC4D88}.Release|x86.ActiveCfg = Release|x86
		{121BF3EB-1502-4345-B32D-14A61EDC4D88}.Release|x86.Build.0 = Release|x86
		{FDABB69C-B05D-4196-9841-546A159EEA4D}.Debug|Any CPU.ActiveCfg = Debug|Any CPU
		{FDABB69C-B05D-4196-9841-546A159EEA4D}.Debug|Any CPU.Build.0 = Debug|Any CPU
		{FDABB69C-B05D-4196-9841-546A159EEA4D}.Debug|x64.ActiveCfg = Debug|x64
		{FDABB69C-B05D-4196-9841-546A159EEA4D}.Debug|x64.Build.0 = Debug|x64
		{FDABB69C-B05D-4196-9841-546A159EEA4D}.Debug|x86.ActiveCfg = Debug|x86
		{FDABB69C-B05D-4196-9841-546A159EEA4D}.Debug|x86.Build.0 = Debug|x86
		{FDABB69C-B05D-4196-9841-546A159EEA4D}.Release|Any CPU.ActiveCfg = Release|Any CPU
		{FDABB69C-B05D-4196-9841-546A159EEA4D}.Release|Any CPU.Build.0 = Release|Any CPU
		{FDABB69C-B05D-4196-9841-546A159EEA4D}.Release|x64.ActiveCfg = Release|x64
		{FDABB69C-B05D-4196-9841-546A159EEA4D}.Release|x64.Build.0 = Release|x64
		{FDABB69C-B05D-4196-9841-546A159EEA4D}.Release|x86.ActiveCfg = Release|x86
		{FDABB69C-B05D-4196-9841-546A159EEA4D}.Release|x86.Build.0 = Release|x86
		{E95B2F5B-DFCA-40FB-8521-79284313F47D}.Debug|Any CPU.ActiveCfg = Debug|Any CPU
		{E95B2F5B-DFCA-40FB-8521-79284313F47D}.Debug|Any CPU.Build.0 = Debug|Any CPU
		{E95B2F5B-DFCA-40FB-8521-79284313F47D}.Debug|x64.ActiveCfg = Debug|Any CPU
		{E95B2F5B-DFCA-40FB-8521-79284313F47D}.Debug|x86.ActiveCfg = Debug|Any CPU
		{E95B2F5B-DFCA-40FB-8521-79284313F47D}.Release|Any CPU.ActiveCfg = Release|Any CPU
		{E95B2F5B-DFCA-40FB-8521-79284313F47D}.Release|Any CPU.Build.0 = Release|Any CPU
		{E95B2F5B-DFCA-40FB-8521-79284313F47D}.Release|x64.ActiveCfg = Release|Any CPU
		{E95B2F5B-DFCA-40FB-8521-79284313F47D}.Release|x86.ActiveCfg = Release|Any CPU
	EndGlobalSection
	GlobalSection(SolutionProperties) = preSolution
		HideSolutionNode = FALSE
	EndGlobalSection
EndGlobal
